
Microsoft Visual Studio Solution File, Format Version 12.00
# Visual Studio Version 17
VisualStudioVersion = 17.7.34221.43
MinimumVisualStudioVersion = 10.0.40219.1
Project("{FAE04EC0-301F-11D3-BF4B-00C04F79EFBC}") = "JointBudgetClient.UWP", "JointBudgetClient.UWP\JointBudgetClient.UWP.csproj", "{F94A6B2D-901F-4654-877D-32C339E0FB73}"
EndProject
Project("{FAE04EC0-301F-11D3-BF4B-00C04F79EFBC}") = "JointBudgetClient.Android", "JointBudgetClient.Android\JointBudgetClient.Android.csproj", "{1E9750F9-F7EB-4686-8285-77B7BC385F11}"
EndProject
Project("{FAE04EC0-301F-11D3-BF4B-00C04F79EFBC}") = "JointBudgetClient.iOS", "JointBudgetClient.iOS\JointBudgetClient.iOS.csproj", "{EEB5973E-5E37-412A-91A0-9D8D5C2662AB}"
EndProject
Project("{9A19103F-16F7-4668-BE54-9A1E7A4F7556}") = "JointBudgetClient", "JointBudgetClient\JointBudgetClient.csproj", "{116D4B63-C101-400C-9B35-DBDBB513BCD7}"
EndProject
Global
	GlobalSection(SolutionConfigurationPlatforms) = preSolution
		Debug|Any CPU = Debug|Any CPU
		Debug|ARM = Debug|ARM
		Debug|iPhone = Debug|iPhone
		Debug|iPhoneSimulator = Debug|iPhoneSimulator
		Debug|x64 = Debug|x64
		Debug|x86 = Debug|x86
		Release|Any CPU = Release|Any CPU
		Release|ARM = Release|ARM
		Release|iPhone = Release|iPhone
		Release|iPhoneSimulator = Release|iPhoneSimulator
		Release|x64 = Release|x64
		Release|x86 = Release|x86
	EndGlobalSection
	GlobalSection(ProjectConfigurationPlatforms) = postSolution
		{F94A6B2D-901F-4654-877D-32C339E0FB73}.Debug|Any CPU.ActiveCfg = Debug|x64
		{F94A6B2D-901F-4654-877D-32C339E0FB73}.Debug|Any CPU.Build.0 = Debug|x64
		{F94A6B2D-901F-4654-877D-32C339E0FB73}.Debug|Any CPU.Deploy.0 = Debug|x64
		{F94A6B2D-901F-4654-877D-32C339E0FB73}.Debug|ARM.ActiveCfg = Debug|ARM
		{F94A6B2D-901F-4654-877D-32C339E0FB73}.Debug|ARM.Build.0 = Debug|ARM
		{F94A6B2D-901F-4654-877D-32C339E0FB73}.Debug|ARM.Deploy.0 = Debug|ARM
		{F94A6B2D-901F-4654-877D-32C339E0FB73}.Debug|iPhone.ActiveCfg = Debug|x64
		{F94A6B2D-901F-4654-877D-32C339E0FB73}.Debug|iPhone.Build.0 = Debug|x64
		{F94A6B2D-901F-4654-877D-32C339E0FB73}.Debug|iPhone.Deploy.0 = Debug|x64
		{F94A6B2D-901F-4654-877D-32C339E0FB73}.Debug|iPhoneSimulator.ActiveCfg = Debug|x64
		{F94A6B2D-901F-4654-877D-32C339E0FB73}.Debug|iPhoneSimulator.Build.0 = Debug|x64
		{F94A6B2D-901F-4654-877D-32C339E0FB73}.Debug|iPhoneSimulator.Deploy.0 = Debug|x64
		{F94A6B2D-901F-4654-877D-32C339E0FB73}.Debug|x64.ActiveCfg = Debug|x64
		{F94A6B2D-901F-4654-877D-32C339E0FB73}.Debug|x64.Build.0 = Debug|x64
		{F94A6B2D-901F-4654-877D-32C339E0FB73}.Debug|x64.Deploy.0 = Debug|x64
		{F94A6B2D-901F-4654-877D-32C339E0FB73}.Debug|x86.ActiveCfg = Debug|x86
		{F94A6B2D-901F-4654-877D-32C339E0FB73}.Debug|x86.Build.0 = Debug|x86
		{F94A6B2D-901F-4654-877D-32C339E0FB73}.Debug|x86.Deploy.0 = Debug|x86
		{F94A6B2D-901F-4654-877D-32C339E0FB73}.Release|Any CPU.ActiveCfg = Release|x64
		{F94A6B2D-901F-4654-877D-32C339E0FB73}.Release|Any CPU.Build.0 = Release|x64
		{F94A6B2D-901F-4654-877D-32C339E0FB73}.Release|Any CPU.Deploy.0 = Release|x64
		{F94A6B2D-901F-4654-877D-32C339E0FB73}.Release|ARM.ActiveCfg = Release|ARM
		{F94A6B2D-901F-4654-877D-32C339E0FB73}.Release|ARM.Build.0 = Release|ARM
		{F94A6B2D-901F-4654-877D-32C339E0FB73}.Release|ARM.Deploy.0 = Release|ARM
		{F94A6B2D-901F-4654-877D-32C339E0FB73}.Release|iPhone.ActiveCfg = Release|x64
		{F94A6B2D-901F-4654-877D-32C339E0FB73}.Release|iPhone.Build.0 = Release|x64
		{F94A6B2D-901F-4654-877D-32C339E0FB73}.Release|iPhone.Deploy.0 = Release|x64
		{F94A6B2D-901F-4654-877D-32C339E0FB73}.Release|iPhoneSimulator.ActiveCfg = Release|x64
		{F94A6B2D-901F-4654-877D-32C339E0FB73}.Release|iPhoneSimulator.Build.0 = Release|x64
		{F94A6B2D-901F-4654-877D-32C339E0FB73}.Release|iPhoneSimulator.Deploy.0 = Release|x64
		{F94A6B2D-901F-4654-877D-32C339E0FB73}.Release|x64.ActiveCfg = Release|x64
		{F94A6B2D-901F-4654-877D-32C339E0FB73}.Release|x64.Build.0 = Release|x64
		{F94A6B2D-901F-4654-877D-32C339E0FB73}.Release|x64.Deploy.0 = Release|x64
		{F94A6B2D-901F-4654-877D-32C339E0FB73}.Release|x86.ActiveCfg = Release|x86
		{F94A6B2D-901F-4654-877D-32C339E0FB73}.Release|x86.Build.0 = Release|x86
		{F94A6B2D-901F-4654-877D-32C339E0FB73}.Release|x86.Deploy.0 = Release|x86
		{1E9750F9-F7EB-4686-8285-77B7BC385F11}.Debug|Any CPU.ActiveCfg = Debug|Any CPU
		{1E9750F9-F7EB-4686-8285-77B7BC385F11}.Debug|Any CPU.Build.0 = Debug|Any CPU
		{1E9750F9-F7EB-4686-8285-77B7BC385F11}.Debug|Any CPU.Deploy.0 = Debug|Any CPU
		{1E9750F9-F7EB-4686-8285-77B7BC385F11}.Debug|ARM.ActiveCfg = Debug|Any CPU
		{1E9750F9-F7EB-4686-8285-77B7BC385F11}.Debug|ARM.Build.0 = Debug|Any CPU
		{1E9750F9-F7EB-4686-8285-77B7BC385F11}.Debug|ARM.Deploy.0 = Debug|Any CPU
		{1E9750F9-F7EB-4686-8285-77B7BC385F11}.Debug|iPhone.ActiveCfg = Debug|Any CPU
		{1E9750F9-F7EB-4686-8285-77B7BC385F11}.Debug|iPhone.Build.0 = Debug|Any CPU
		{1E9750F9-F7EB-4686-8285-77B7BC385F11}.Debug|iPhone.Deploy.0 = Debug|Any CPU
		{1E9750F9-F7EB-4686-8285-77B7BC385F11}.Debug|iPhoneSimulator.ActiveCfg = Debug|Any CPU
		{1E9750F9-F7EB-4686-8285-77B7BC385F11}.Debug|iPhoneSimulator.Build.0 = Debug|Any CPU
		{1E9750F9-F7EB-4686-8285-77B7BC385F11}.Debug|iPhoneSimulator.Deploy.0 = Debug|Any CPU
		{1E9750F9-F7EB-4686-8285-77B7BC385F11}.Debug|x64.ActiveCfg = Debug|Any CPU
		{1E9750F9-F7EB-4686-8285-77B7BC385F11}.Debug|x64.Build.0 = Debug|Any CPU
		{1E9750F9-F7EB-4686-8285-77B7BC385F11}.Debug|x64.Deploy.0 = Debug|Any CPU
		{1E9750F9-F7EB-4686-8285-77B7BC385F11}.Debug|x86.ActiveCfg = Debug|Any CPU
		{1E9750F9-F7EB-4686-8285-77B7BC385F11}.Debug|x86.Build.0 = Debug|Any CPU
		{1E9750F9-F7EB-4686-8285-77B7BC385F11}.Debug|x86.Deploy.0 = Debug|Any CPU
		{1E9750F9-F7EB-4686-8285-77B7BC385F11}.Release|Any CPU.ActiveCfg = Release|Any CPU
		{1E9750F9-F7EB-4686-8285-77B7BC385F11}.Release|Any CPU.Build.0 = Release|Any CPU
		{1E9750F9-F7EB-4686-8285-77B7BC385F11}.Release|Any CPU.Deploy.0 = Release|Any CPU
		{1E9750F9-F7EB-4686-8285-77B7BC385F11}.Release|ARM.ActiveCfg = Release|Any CPU
		{1E9750F9-F7EB-4686-8285-77B7BC385F11}.Release|ARM.Build.0 = Release|Any CPU
		{1E9750F9-F7EB-4686-8285-77B7BC385F11}.Release|ARM.Deploy.0 = Release|Any CPU
		{1E9750F9-F7EB-4686-8285-77B7BC385F11}.Release|iPhone.ActiveCfg = Release|Any CPU
		{1E9750F9-F7EB-4686-8285-77B7BC385F11}.Release|iPhone.Build.0 = Release|Any CPU
		{1E9750F9-F7EB-4686-8285-77B7BC385F11}.Release|iPhone.Deploy.0 = Release|Any CPU
		{1E9750F9-F7EB-4686-8285-77B7BC385F11}.Release|iPhoneSimulator.ActiveCfg = Release|Any CPU
		{1E9750F9-F7EB-4686-8285-77B7BC385F11}.Release|iPhoneSimulator.Build.0 = Release|Any CPU
		{1E9750F9-F7EB-4686-8285-77B7BC385F11}.Release|iPhoneSimulator.Deploy.0 = Release|Any CPU
		{1E9750F9-F7EB-4686-8285-77B7BC385F11}.Release|x64.ActiveCfg = Release|Any CPU
		{1E9750F9-F7EB-4686-8285-77B7BC385F11}.Release|x64.Build.0 = Release|Any CPU
		{1E9750F9-F7EB-4686-8285-77B7BC385F11}.Release|x64.Deploy.0 = Release|Any CPU
		{1E9750F9-F7EB-4686-8285-77B7BC385F11}.Release|x86.ActiveCfg = Release|Any CPU
		{1E9750F9-F7EB-4686-8285-77B7BC385F11}.Release|x86.Build.0 = Release|Any CPU
		{1E9750F9-F7EB-4686-8285-77B7BC385F11}.Release|x86.Deploy.0 = Release|Any CPU
		{EEB5973E-5E37-412A-91A0-9D8D5C2662AB}.Debug|Any CPU.ActiveCfg = Debug|iPhoneSimulator
		{EEB5973E-5E37-412A-91A0-9D8D5C2662AB}.Debug|Any CPU.Build.0 = Debug|iPhoneSimulator
		{EEB5973E-5E37-412A-91A0-9D8D5C2662AB}.Debug|Any CPU.Deploy.0 = Debug|iPhoneSimulator
		{EEB5973E-5E37-412A-91A0-9D8D5C2662AB}.Debug|ARM.ActiveCfg = Debug|iPhoneSimulator
		{EEB5973E-5E37-412A-91A0-9D8D5C2662AB}.Debug|ARM.Build.0 = Debug|iPhoneSimulator
		{EEB5973E-5E37-412A-91A0-9D8D5C2662AB}.Debug|ARM.Deploy.0 = Debug|iPhoneSimulator
		{EEB5973E-5E37-412A-91A0-9D8D5C2662AB}.Debug|iPhone.ActiveCfg = Debug|iPhone
		{EEB5973E-5E37-412A-91A0-9D8D5C2662AB}.Debug|iPhone.Build.0 = Debug|iPhone
		{EEB5973E-5E37-412A-91A0-9D8D5C2662AB}.Debug|iPhone.Deploy.0 = Debug|iPhone
		{EEB5973E-5E37-412A-91A0-9D8D5C2662AB}.Debug|iPhoneSimulator.ActiveCfg = Debug|iPhoneSimulator
		{EEB5973E-5E37-412A-91A0-9D8D5C2662AB}.Debug|iPhoneSimulator.Build.0 = Debug|iPhoneSimulator
		{EEB5973E-5E37-412A-91A0-9D8D5C2662AB}.Debug|iPhoneSimulator.Deploy.0 = Debug|iPhoneSimulator
		{EEB5973E-5E37-412A-91A0-9D8D5C2662AB}.Debug|x64.ActiveCfg = Debug|iPhone
		{EEB5973E-5E37-412A-91A0-9D8D5C2662AB}.Debug|x64.Build.0 = Debug|iPhone
		{EEB5973E-5E37-412A-91A0-9D8D5C2662AB}.Debug|x64.Deploy.0 = Debug|iPhone
		{EEB5973E-5E37-412A-91A0-9D8D5C2662AB}.Debug|x86.ActiveCfg = Debug|iPhoneSimulator
		{EEB5973E-5E37-412A-91A0-9D8D5C2662AB}.Debug|x86.Build.0 = Debug|iPhoneSimulator
		{EEB5973E-5E37-412A-91A0-9D8D5C2662AB}.Debug|x86.Deploy.0 = Debug|iPhoneSimulator
		{EEB5973E-5E37-412A-91A0-9D8D5C2662AB}.Release|Any CPU.ActiveCfg = Release|iPhoneSimulator
		{EEB5973E-5E37-412A-91A0-9D8D5C2662AB}.Release|Any CPU.Build.0 = Release|iPhoneSimulator
		{EEB5973E-5E37-412A-91A0-9D8D5C2662AB}.Release|Any CPU.Deploy.0 = Release|iPhoneSimulator
		{EEB5973E-5E37-412A-91A0-9D8D5C2662AB}.Release|ARM.ActiveCfg = Release|iPhoneSimulator
		{EEB5973E-5E37-412A-91A0-9D8D5C2662AB}.Release|ARM.Build.0 = Release|iPhoneSimulator
		{EEB5973E-5E37-412A-91A0-9D8D5C2662AB}.Release|ARM.Deploy.0 = Release|iPhoneSimulator
		{EEB5973E-5E37-412A-91A0-9D8D5C2662AB}.Release|iPhone.ActiveCfg = Release|iPhone
		{EEB5973E-5E37-412A-91A0-9D8D5C2662AB}.Release|iPhone.Build.0 = Release|iPhone
		{EEB5973E-5E37-412A-91A0-9D8D5C2662AB}.Release|iPhone.Deploy.0 = Release|iPhone
		{EEB5973E-5E37-412A-91A0-9D8D5C2662AB}.Release|iPhoneSimulator.ActiveCfg = Release|iPhoneSimulator
		{EEB5973E-5E37-412A-91A0-9D8D5C2662AB}.Release|iPhoneSimulator.Build.0 = Release|iPhoneSimulator
		{EEB5973E-5E37-412A-91A0-9D8D5C2662AB}.Release|iPhoneSimulator.Deploy.0 = Release|iPhoneSimulator
		{EEB5973E-5E37-412A-91A0-9D8D5C2662AB}.Release|x64.ActiveCfg = Release|iPhoneSimulator
		{EEB5973E-5E37-412A-91A0-9D8D5C2662AB}.Release|x64.Build.0 = Release|iPhoneSimulator
		{EEB5973E-5E37-412A-91A0-9D8D5C2662AB}.Release|x64.Deploy.0 = Release|iPhoneSimulator
		{EEB5973E-5E37-412A-91A0-9D8D5C2662AB}.Release|x86.ActiveCfg = Release|iPhoneSimulator
		{EEB5973E-5E37-412A-91A0-9D8D5C2662AB}.Release|x86.Build.0 = Release|iPhoneSimulator
		{EEB5973E-5E37-412A-91A0-9D8D5C2662AB}.Release|x86.Deploy.0 = Release|iPhoneSimulator
		{116D4B63-C101-400C-9B35-DBDBB513BCD7}.Debug|Any CPU.ActiveCfg = Debug|Any CPU
		{116D4B63-C101-400C-9B35-DBDBB513BCD7}.Debug|Any CPU.Build.0 = Debug|Any CPU
		{116D4B63-C101-400C-9B35-DBDBB513BCD7}.Debug|Any CPU.Deploy.0 = Debug|Any CPU
		{116D4B63-C101-400C-9B35-DBDBB513BCD7}.Debug|ARM.ActiveCfg = Debug|Any CPU
		{116D4B63-C101-400C-9B35-DBDBB513BCD7}.Debug|ARM.Build.0 = Debug|Any CPU
		{116D4B63-C101-400C-9B35-DBDBB513BCD7}.Debug|ARM.Deploy.0 = Debug|Any CPU
		{116D4B63-C101-400C-9B35-DBDBB513BCD7}.Debug|iPhone.ActiveCfg = Debug|Any CPU
		{116D4B63-C101-400C-9B35-DBDBB513BCD7}.Debug|iPhone.Build.0 = Debug|Any CPU
		{116D4B63-C101-400C-9B35-DBDBB513BCD7}.Debug|iPhone.Deploy.0 = Debug|Any CPU
		{116D4B63-C101-400C-9B35-DBDBB513BCD7}.Debug|iPhoneSimulator.ActiveCfg = Debug|Any CPU
		{116D4B63-C101-400C-9B35-DBDBB513BCD7}.Debug|iPhoneSimulator.Build.0 = Debug|Any CPU
		{116D4B63-C101-400C-9B35-DBDBB513BCD7}.Debug|iPhoneSimulator.Deploy.0 = Debug|Any CPU
		{116D4B63-C101-400C-9B35-DBDBB513BCD7}.Debug|x64.ActiveCfg = Debug|Any CPU
		{116D4B63-C101-400C-9B35-DBDBB513BCD7}.Debug|x64.Build.0 = Debug|Any CPU
		{116D4B63-C101-400C-9B35-DBDBB513BCD7}.Debug|x64.Deploy.0 = Debug|Any CPU
		{116D4B63-C101-400C-9B35-DBDBB513BCD7}.Debug|x86.ActiveCfg = Debug|Any CPU
		{116D4B63-C101-400C-9B35-DBDBB513BCD7}.Debug|x86.Build.0 = Debug|Any CPU
		{116D4B63-C101-400C-9B35-DBDBB513BCD7}.Debug|x86.Deploy.0 = Debug|Any CPU
		{116D4B63-C101-400C-9B35-DBDBB513BCD7}.Release|Any CPU.ActiveCfg = Release|Any CPU
		{116D4B63-C101-400C-9B35-DBDBB513BCD7}.Release|Any CPU.Build.0 = Release|Any CPU
		{116D4B63-C101-400C-9B35-DBDBB513BCD7}.Release|Any CPU.Deploy.0 = Release|Any CPU
		{116D4B63-C101-400C-9B35-DBDBB513BCD7}.Release|ARM.ActiveCfg = Release|Any CPU
		{116D4B63-C101-400C-9B35-DBDBB513BCD7}.Release|ARM.Build.0 = Release|Any CPU
		{116D4B63-C101-400C-9B35-DBDBB513BCD7}.Release|ARM.Deploy.0 = Release|Any CPU
		{116D4B63-C101-400C-9B35-DBDBB513BCD7}.Release|iPhone.ActiveCfg = Release|Any CPU
		{116D4B63-C101-400C-9B35-DBDBB513BCD7}.Release|iPhone.Build.0 = Release|Any CPU
		{116D4B63-C101-400C-9B35-DBDBB513BCD7}.Release|iPhone.Deploy.0 = Release|Any CPU
		{116D4B63-C101-400C-9B35-DBDBB513BCD7}.Release|iPhoneSimulator.ActiveCfg = Release|Any CPU
		{116D4B63-C101-400C-9B35-DBDBB513BCD7}.Release|iPhoneSimulator.Build.0 = Release|Any CPU
		{116D4B63-C101-400C-9B35-DBDBB513BCD7}.Release|iPhoneSimulator.Deploy.0 = Release|Any CPU
		{116D4B63-C101-400C-9B35-DBDBB513BCD7}.Release|x64.ActiveCfg = Release|Any CPU
		{116D4B63-C101-400C-9B35-DBDBB513BCD7}.Release|x64.Build.0 = Release|Any CPU
		{116D4B63-C101-400C-9B35-DBDBB513BCD7}.Release|x64.Deploy.0 = Release|Any CPU
		{116D4B63-C101-400C-9B35-DBDBB513BCD7}.Release|x86.ActiveCfg = Release|Any CPU
		{116D4B63-C101-400C-9B35-DBDBB513BCD7}.Release|x86.Build.0 = Release|Any CPU
		{116D4B63-C101-400C-9B35-DBDBB513BCD7}.Release|x86.Deploy.0 = Release|Any CPU
	EndGlobalSection
	GlobalSection(SolutionProperties) = preSolution
		HideSolutionNode = FALSE
	EndGlobalSection
	GlobalSection(ExtensibilityGlobals) = postSolution
		SolutionGuid = {D00F91D4-3713-4CC4-9D36-F08A612D6E7E}
	EndGlobalSection
EndGlobal
